
Microsoft Visual Studio Solution File, Format Version 12.00
# Visual Studio Version 16
VisualStudioVersion = 16.0.31025.194
MinimumVisualStudioVersion = 10.0.40219.1
Project("{FAE04EC0-301F-11D3-BF4B-00C04F79EFBC}") = "AplikasiTugastiga2", "AplikasiTugastiga2\AplikasiTugastiga2.csproj", "{74FE5273-2BA2-4E39-9189-A0ECDB7E8F3C}"
EndProject
Global
	GlobalSection(SolutionConfigurationPlatforms) = preSolution
		Debug|Any CPU = Debug|Any CPU
		Release|Any CPU = Release|Any CPU
	EndGlobalSection
	GlobalSection(ProjectConfigurationPlatforms) = postSolution
		{74FE5273-2BA2-4E39-9189-A0ECDB7E8F3C}.Debug|Any CPU.ActiveCfg = Debug|Any CPU
		{74FE5273-2BA2-4E39-9189-A0ECDB7E8F3C}.Debug|Any CPU.Build.0 = Debug|Any CPU
		{74FE5273-2BA2-4E39-9189-A0ECDB7E8F3C}.Release|Any CPU.ActiveCfg = Release|Any CPU
		{74FE5273-2BA2-4E39-9189-A0ECDB7E8F3C}.Release|Any CPU.Build.0 = Release|Any CPU
	EndGlobalSection
	GlobalSection(SolutionProperties) = preSolution
		HideSolutionNode = FALSE
	EndGlobalSection
	GlobalSection(ExtensibilityGlobals) = postSolution
		SolutionGuid = {7C5B4374-8ED9-4143-A7D8-84108807A694}
	EndGlobalSection
EndGlobal
